
Microsoft Visual Studio Solution File, Format Version 12.00
# Visual Studio Version 17
VisualStudioVersion = 17.14.36203.30 d17.14
MinimumVisualStudioVersion = 10.0.40219.1
Project("{FAE04EC0-301F-11D3-BF4B-00C04F79EFBC}") = "Maxfit+", "Maxfit+\Maxfit+.csproj", "{EE137E89-43BB-47AC-B8A6-C5AEABDAC9EF}"
EndProject
Global
	GlobalSection(SolutionConfigurationPlatforms) = preSolution
		Debug|Any CPU = Debug|Any CPU
		Release|Any CPU = Release|Any CPU
	EndGlobalSection
	GlobalSection(ProjectConfigurationPlatforms) = postSolution
		{EE137E89-43BB-47AC-B8A6-C5AEABDAC9EF}.Debug|Any CPU.ActiveCfg = Debug|Any CPU
		{EE137E89-43BB-47AC-B8A6-C5AEABDAC9EF}.Debug|Any CPU.Build.0 = Debug|Any CPU
		{EE137E89-43BB-47AC-B8A6-C5AEABDAC9EF}.Release|Any CPU.ActiveCfg = Release|Any CPU
		{EE137E89-43BB-47AC-B8A6-C5AEABDAC9EF}.Release|Any CPU.Build.0 = Release|Any CPU
	EndGlobalSection
	GlobalSection(SolutionProperties) = preSolution
		HideSolutionNode = FALSE
	EndGlobalSection
	GlobalSection(ExtensibilityGlobals) = postSolution
		SolutionGuid = {8DDE4CEB-D3DD-409B-8377-3338E63DD36A}
	EndGlobalSection
EndGlobal
